Microsoft Visual Studio Solution File, Format Version 11.00
# Visual Studio 2017

Project("{8BC9CEB8-8B4A-11D0-8D11-00A0C91BC942}") = "leaf-autotune - Standalone Plugin", "leaf-autotune_StandalonePlugin.vcxproj", "{415C126B-F63D-35C9-F868-A7678D9BAA14}"
	ProjectSection(ProjectDependencies) = postProject
		{9773BE45-68A6-2FBC-9D0C-6B78921801C7} = {9773BE45-68A6-2FBC-9D0C-6B78921801C7}
	EndProjectSection
EndProject
Project("{8BC9CEB8-8B4A-11D0-8D11-00A0C91BC942}") = "leaf-autotune - VST3", "leaf-autotune_VST3.vcxproj", "{37B693C7-4AD0-0794-671B-D2B66D3EC001}"
	ProjectSection(ProjectDependencies) = postProject
		{9773BE45-68A6-2FBC-9D0C-6B78921801C7} = {9773BE45-68A6-2FBC-9D0C-6B78921801C7}
	EndProjectSection
EndProject
Project("{8BC9CEB8-8B4A-11D0-8D11-00A0C91BC942}") = "leaf-autotune - Shared Code", "leaf-autotune_SharedCode.vcxproj", "{9773BE45-68A6-2FBC-9D0C-6B78921801C7}"
EndProject
Global
	GlobalSection(SolutionConfigurationPlatforms) = preSolution
		Debug|x64 = Debug|x64
		Release|x64 = Release|x64
	EndGlobalSection
	GlobalSection(ProjectConfigurationPlatforms) = postSolution
		{37B693C7-4AD0-0794-671B-D2B66D3EC001}.Debug|x64.ActiveCfg = Debug|x64
		{37B693C7-4AD0-0794-671B-D2B66D3EC001}.Debug|x64.Build.0 = Debug|x64
		{37B693C7-4AD0-0794-671B-D2B66D3EC001}.Release|x64.ActiveCfg = Release|x64
		{37B693C7-4AD0-0794-671B-D2B66D3EC001}.Release|x64.Build.0 = Release|x64
		{415C126B-F63D-35C9-F868-A7678D9BAA14}.Debug|x64.ActiveCfg = Debug|x64
		{415C126B-F63D-35C9-F868-A7678D9BAA14}.Debug|x64.Build.0 = Debug|x64
		{415C126B-F63D-35C9-F868-A7678D9BAA14}.Release|x64.ActiveCfg = Release|x64
		{415C126B-F63D-35C9-F868-A7678D9BAA14}.Release|x64.Build.0 = Release|x64
		{9773BE45-68A6-2FBC-9D0C-6B78921801C7}.Debug|x64.ActiveCfg = Debug|x64
		{9773BE45-68A6-2FBC-9D0C-6B78921801C7}.Debug|x64.Build.0 = Debug|x64
		{9773BE45-68A6-2FBC-9D0C-6B78921801C7}.Release|x64.ActiveCfg = Release|x64
		{9773BE45-68A6-2FBC-9D0C-6B78921801C7}.Release|x64.Build.0 = Release|x64
	EndGlobalSection
	GlobalSection(SolutionProperties) = preSolution
		HideSolutionNode = FALSE
	EndGlobalSection
EndGlobal
